
Microsoft Visual Studio Solution File, Format Version 12.00
# Visual Studio Version 16
VisualStudioVersion = 16.0.30804.86
MinimumVisualStudioVersion = 10.0.40219.1
Project("{FAE04EC0-301F-11D3-BF4B-00C04F79EFBC}") = "xadrez", "xadrez\xadrez.csproj", "{74C50EFF-CCCC-437B-8BD3-54C6E4676A9D}"
EndProject
Global
	GlobalSection(SolutionConfigurationPlatforms) = preSolution
		Debug|Any CPU = Debug|Any CPU
		Release|Any CPU = Release|Any CPU
	EndGlobalSection
	GlobalSection(ProjectConfigurationPlatforms) = postSolution
		{74C50EFF-CCCC-437B-8BD3-54C6E4676A9D}.Debug|Any CPU.ActiveCfg = Debug|Any CPU
		{74C50EFF-CCCC-437B-8BD3-54C6E4676A9D}.Debug|Any CPU.Build.0 = Debug|Any CPU
		{74C50EFF-CCCC-437B-8BD3-54C6E4676A9D}.Release|Any CPU.ActiveCfg = Release|Any CPU
		{74C50EFF-CCCC-437B-8BD3-54C6E4676A9D}.Release|Any CPU.Build.0 = Release|Any CPU
	EndGlobalSection
	GlobalSection(SolutionProperties) = preSolution
		HideSolutionNode = FALSE
	EndGlobalSection
	GlobalSection(ExtensibilityGlobals) = postSolution
		SolutionGuid = {6A616186-67FF-4430-9597-0111CBD5F00C}
	EndGlobalSection
EndGlobal
